
Microsoft Visual Studio Solution File, Format Version 12.00
# Visual Studio Version 16
VisualStudioVersion = 16.0.30114.105
MinimumVisualStudioVersion = 10.0.40219.1
Project("{FAE04EC0-301F-11D3-BF4B-00C04F79EFBC}") = "WpfApp1", "WpfApp1\WpfApp1.csproj", "{EB955F05-0E81-4914-84A8-42B00DE7C1BD}"
EndProject
Global
	GlobalSection(SolutionConfigurationPlatforms) = preSolution
		Debug|Any CPU = Debug|Any CPU
		Release|Any CPU = Release|Any CPU
	EndGlobalSection
	GlobalSection(ProjectConfigurationPlatforms) = postSolution
		{EB955F05-0E81-4914-84A8-42B00DE7C1BD}.Debug|Any CPU.ActiveCfg = Debug|Any CPU
		{EB955F05-0E81-4914-84A8-42B00DE7C1BD}.Debug|Any CPU.Build.0 = Debug|Any CPU
		{EB955F05-0E81-4914-84A8-42B00DE7C1BD}.Release|Any CPU.ActiveCfg = Release|Any CPU
		{EB955F05-0E81-4914-84A8-42B00DE7C1BD}.Release|Any CPU.Build.0 = Release|Any CPU
	EndGlobalSection
	GlobalSection(SolutionProperties) = preSolution
		HideSolutionNode = FALSE
	EndGlobalSection
	GlobalSection(ExtensibilityGlobals) = postSolution
		SolutionGuid = {9AE815B9-B502-439C-A8E2-B7B9A5822E3D}
	EndGlobalSection
EndGlobal
